
Microsoft Visual Studio Solution File, Format Version 12.00
# Visual Studio Version 16
VisualStudioVersion = 16.0.30413.136
MinimumVisualStudioVersion = 10.0.40219.1
Project("{FAE04EC0-301F-11D3-BF4B-00C04F79EFBC}") = "Loop", "Loop\Loop.csproj", "{44AB8EDF-C2E5-4F31-A67C-EBF16A509CA7}"
EndProject
Global
	GlobalSection(SolutionConfigurationPlatforms) = preSolution
		Debug|Any CPU = Debug|Any CPU
		Release|Any CPU = Release|Any CPU
	EndGlobalSection
	GlobalSection(ProjectConfigurationPlatforms) = postSolution
		{44AB8EDF-C2E5-4F31-A67C-EBF16A509CA7}.Debug|Any CPU.ActiveCfg = Debug|Any CPU
		{44AB8EDF-C2E5-4F31-A67C-EBF16A509CA7}.Debug|Any CPU.Build.0 = Debug|Any CPU
		{44AB8EDF-C2E5-4F31-A67C-EBF16A509CA7}.Release|Any CPU.ActiveCfg = Release|Any CPU
		{44AB8EDF-C2E5-4F31-A67C-EBF16A509CA7}.Release|Any CPU.Build.0 = Release|Any CPU
	EndGlobalSection
	GlobalSection(SolutionProperties) = preSolution
		HideSolutionNode = FALSE
	EndGlobalSection
	GlobalSection(ExtensibilityGlobals) = postSolution
		SolutionGuid = {683A4B08-2527-4143-8B70-39D00EB6EFB4}
	EndGlobalSection
EndGlobal
