
Microsoft Visual Studio Solution File, Format Version 12.00
# Visual Studio Version 16
VisualStudioVersion = 16.0.30413.136
MinimumVisualStudioVersion = 10.0.40219.1
Project("{FAE04EC0-301F-11D3-BF4B-00C04F79EFBC}") = "hemdatorarray", "hemdatorarray\hemdatorarray.csproj", "{EB0928DC-51BA-401B-8096-3E0A0A08333A}"
EndProject
Global
	GlobalSection(SolutionConfigurationPlatforms) = preSolution
		Debug|Any CPU = Debug|Any CPU
		Release|Any CPU = Release|Any CPU
	EndGlobalSection
	GlobalSection(ProjectConfigurationPlatforms) = postSolution
		{EB0928DC-51BA-401B-8096-3E0A0A08333A}.Debug|Any CPU.ActiveCfg = Debug|Any CPU
		{EB0928DC-51BA-401B-8096-3E0A0A08333A}.Debug|Any CPU.Build.0 = Debug|Any CPU
		{EB0928DC-51BA-401B-8096-3E0A0A08333A}.Release|Any CPU.ActiveCfg = Release|Any CPU
		{EB0928DC-51BA-401B-8096-3E0A0A08333A}.Release|Any CPU.Build.0 = Release|Any CPU
	EndGlobalSection
	GlobalSection(SolutionProperties) = preSolution
		HideSolutionNode = FALSE
	EndGlobalSection
	GlobalSection(ExtensibilityGlobals) = postSolution
		SolutionGuid = {B1E27CAC-9BC7-412C-8AC0-3960AC0B4A0A}
	EndGlobalSection
EndGlobal
