
Microsoft Visual Studio Solution File, Format Version 12.00
# Visual Studio Version 16
VisualStudioVersion = 16.0.30413.136
MinimumVisualStudioVersion = 10.0.40219.1
Project("{FAE04EC0-301F-11D3-BF4B-00C04F79EFBC}") = "Floppy bird", "Floppy bird.csproj", "{C5AA0E8D-8D72-4F0F-BE9B-574327A43AEF}"
EndProject
Global
	GlobalSection(SolutionConfigurationPlatforms) = preSolution
		Debug|Any CPU = Debug|Any CPU
		Release|Any CPU = Release|Any CPU
	EndGlobalSection
	GlobalSection(ProjectConfigurationPlatforms) = postSolution
		{C5AA0E8D-8D72-4F0F-BE9B-574327A43AEF}.Debug|Any CPU.ActiveCfg = Debug|Any CPU
		{C5AA0E8D-8D72-4F0F-BE9B-574327A43AEF}.Debug|Any CPU.Build.0 = Debug|Any CPU
		{C5AA0E8D-8D72-4F0F-BE9B-574327A43AEF}.Release|Any CPU.ActiveCfg = Release|Any CPU
		{C5AA0E8D-8D72-4F0F-BE9B-574327A43AEF}.Release|Any CPU.Build.0 = Release|Any CPU
	EndGlobalSection
	GlobalSection(SolutionProperties) = preSolution
		HideSolutionNode = FALSE
	EndGlobalSection
	GlobalSection(ExtensibilityGlobals) = postSolution
		SolutionGuid = {101359D8-B30A-4D7B-AD90-3CAAB39B0CAA}
	EndGlobalSection
EndGlobal
