
Microsoft Visual Studio Solution File, Format Version 12.00
# Visual Studio Version 16
VisualStudioVersion = 16.0.30413.136
MinimumVisualStudioVersion = 10.0.40219.1
Project("{FAE04EC0-301F-11D3-BF4B-00C04F79EFBC}") = "LabbWpf", "LabbWpf\LabbWpf.csproj", "{21DC23A5-76AD-4B58-A535-03532384EE37}"
EndProject
Global
	GlobalSection(SolutionConfigurationPlatforms) = preSolution
		Debug|Any CPU = Debug|Any CPU
		Release|Any CPU = Release|Any CPU
	EndGlobalSection
	GlobalSection(ProjectConfigurationPlatforms) = postSolution
		{21DC23A5-76AD-4B58-A535-03532384EE37}.Debug|Any CPU.ActiveCfg = Debug|Any CPU
		{21DC23A5-76AD-4B58-A535-03532384EE37}.Debug|Any CPU.Build.0 = Debug|Any CPU
		{21DC23A5-76AD-4B58-A535-03532384EE37}.Release|Any CPU.ActiveCfg = Release|Any CPU
		{21DC23A5-76AD-4B58-A535-03532384EE37}.Release|Any CPU.Build.0 = Release|Any CPU
	EndGlobalSection
	GlobalSection(SolutionProperties) = preSolution
		HideSolutionNode = FALSE
	EndGlobalSection
	GlobalSection(ExtensibilityGlobals) = postSolution
		SolutionGuid = {32A5C7C5-72AF-4CF8-B7EF-5B3F0EE09F2D}
	EndGlobalSection
EndGlobal
